// !$*UTF8*$!
{
	archiveVersion = 1;
	classes = {
	};
	objectVersion = 56;
	objects = {

/* Begin PBXBuildFile section */
		A919EDBA2AAAB2A600EF4072 /* Origin.swift in Sources */ = {isa = PBXBuildFile; fileRef = A919EDB92AAAB2A600EF4072 /* Origin.swift */; };
		A919EDBC2AAAB33E00EF4072 /* SingleLocation.swift in Sources */ = {isa = PBXBuildFile; fileRef = A919EDBB2AAAB33E00EF4072 /* SingleLocation.swift */; };
		A979248E2A9545B600816209 /* AppDelegate.swift in Sources */ = {isa = PBXBuildFile; fileRef = A979248D2A9545B600816209 /* AppDelegate.swift */; };
		A97924902A9545B600816209 /* SceneDelegate.swift in Sources */ = {isa = PBXBuildFile; fileRef = A979248F2A9545B600816209 /* SceneDelegate.swift */; };
		A97924922A9545B600816209 /* TabBarController.swift in Sources */ = {isa = PBXBuildFile; fileRef = A97924912A9545B600816209 /* TabBarController.swift */; };
		A97924972A9545B700816209 /* Assets.xcassets in Resources */ = {isa = PBXBuildFile; fileRef = A97924962A9545B700816209 /* Assets.xcassets */; };
		A979249A2A9545B700816209 /* LaunchScreen.storyboard in Resources */ = {isa = PBXBuildFile; fileRef = A97924982A9545B700816209 /* LaunchScreen.storyboard */; };
		A97924AA2A954A9400816209 /* Episode.swift in Sources */ = {isa = PBXBuildFile; fileRef = A97924A92A954A9400816209 /* Episode.swift */; };
		A97924AC2A954A9E00816209 /* Character.swift in Sources */ = {isa = PBXBuildFile; fileRef = A97924AB2A954A9E00816209 /* Character.swift */; };
		A97924AE2A954AA800816209 /* Location.swift in Sources */ = {isa = PBXBuildFile; fileRef = A97924AD2A954AA800816209 /* Location.swift */; };
		A97924B02A954AE700816209 /* CharacterViewController.swift in Sources */ = {isa = PBXBuildFile; fileRef = A97924AF2A954AE700816209 /* CharacterViewController.swift */; };
		A97924B22A954AF200816209 /* LocationViewController.swift in Sources */ = {isa = PBXBuildFile; fileRef = A97924B12A954AF200816209 /* LocationViewController.swift */; };
		A97924B42A954B0400816209 /* EpisodeViewController.swift in Sources */ = {isa = PBXBuildFile; fileRef = A97924B32A954B0400816209 /* EpisodeViewController.swift */; };
		A97924B62A954B1200816209 /* SettingsViewController.swift in Sources */ = {isa = PBXBuildFile; fileRef = A97924B52A954B1200816209 /* SettingsViewController.swift */; };
		A9A639F32A9EBF1E00AF5449 /* Service.swift in Sources */ = {isa = PBXBuildFile; fileRef = A9A639F22A9EBF1E00AF5449 /* Service.swift */; };
		A9A639F52A9EBF5500AF5449 /* Request.swift in Sources */ = {isa = PBXBuildFile; fileRef = A9A639F42A9EBF5500AF5449 /* Request.swift */; };
		A9A639F72A9EC14900AF5449 /* Endpoint.swift in Sources */ = {isa = PBXBuildFile; fileRef = A9A639F62A9EC14900AF5449 /* Endpoint.swift */; };
/* End PBXBuildFile section */

/* Begin PBXFileReference section */
		A919EDB92AAAB2A600EF4072 /* Origin.swift */ = {isa = PBXFileReference; lastKnownFileType = sourcecode.swift; path = Origin.swift; sourceTree = "<group>"; };
		A919EDBB2AAAB33E00EF4072 /* SingleLocation.swift */ = {isa = PBXFileReference; lastKnownFileType = sourcecode.swift; path = SingleLocation.swift; sourceTree = "<group>"; };
		A979248A2A9545B600816209 /* RickAndMorty.app */ = {isa = PBXFileReference; explicitFileType = wrapper.application; includeInIndex = 0; path = RickAndMorty.app; sourceTree = BUILT_PRODUCTS_DIR; };
		A979248D2A9545B600816209 /* AppDelegate.swift */ = {isa = PBXFileReference; lastKnownFileType = sourcecode.swift; path = AppDelegate.swift; sourceTree = "<group>"; };
		A979248F2A9545B600816209 /* SceneDelegate.swift */ = {isa = PBXFileReference; lastKnownFileType = sourcecode.swift; path = SceneDelegate.swift; sourceTree = "<group>"; };
		A97924912A9545B600816209 /* TabBarController.swift */ = {isa = PBXFileReference; lastKnownFileType = sourcecode.swift; path = TabBarController.swift; sourceTree = "<group>"; };
		A97924962A9545B700816209 /* Assets.xcassets */ = {isa = PBXFileReference; lastKnownFileType = folder.assetcatalog; path = Assets.xcassets; sourceTree = "<group>"; };
		A97924992A9545B700816209 /* Base */ = {isa = PBXFileReference; lastKnownFileType = file.storyboard; name = Base; path = Base.lproj/LaunchScreen.storyboard; sourceTree = "<group>"; };
		A979249B2A9545B700816209 /* Info.plist */ = {isa = PBXFileReference; lastKnownFileType = text.plist.xml; path = Info.plist; sourceTree = "<group>"; };
		A97924A92A954A9400816209 /* Episode.swift */ = {isa = PBXFileReference; lastKnownFileType = sourcecode.swift; path = Episode.swift; sourceTree = "<group>"; };
		A97924AB2A954A9E00816209 /* Character.swift */ = {isa = PBXFileReference; lastKnownFileType = sourcecode.swift; path = Character.swift; sourceTree = "<group>"; };
		A97924AD2A954AA800816209 /* Location.swift */ = {isa = PBXFileReference; lastKnownFileType = sourcecode.swift; path = Location.swift; sourceTree = "<group>"; };
		A97924AF2A954AE700816209 /* CharacterViewController.swift */ = {isa = PBXFileReference; lastKnownFileType = sourcecode.swift; path = CharacterViewController.swift; sourceTree = "<group>"; };
		A97924B12A954AF200816209 /* LocationViewController.swift */ = {isa = PBXFileReference; lastKnownFileType = sourcecode.swift; path = LocationViewController.swift; sourceTree = "<group>"; };
		A97924B32A954B0400816209 /* EpisodeViewController.swift */ = {isa = PBXFileReference; lastKnownFileType = sourcecode.swift; path = EpisodeViewController.swift; sourceTree = "<group>"; };
		A97924B52A954B1200816209 /* SettingsViewController.swift */ = {isa = PBXFileReference; lastKnownFileType = sourcecode.swift; path = SettingsViewController.swift; sourceTree = "<group>"; };
		A9A639F22A9EBF1E00AF5449 /* Service.swift */ = {isa = PBXFileReference; lastKnownFileType = sourcecode.swift; path = Service.swift; sourceTree = "<group>"; };
		A9A639F42A9EBF5500AF5449 /* Request.swift */ = {isa = PBXFileReference; lastKnownFileType = sourcecode.swift; path = Request.swift; sourceTree = "<group>"; };
		A9A639F62A9EC14900AF5449 /* Endpoint.swift */ = {isa = PBXFileReference; lastKnownFileType = sourcecode.swift; path = Endpoint.swift; sourceTree = "<group>"; };
/* End PBXFileReference section */

/* Begin PBXFrameworksBuildPhase section */
		A97924872A9545B600816209 /* Frameworks */ = {
			isa = PBXFrameworksBuildPhase;
			buildActionMask = 2147483647;
			files = (
			);
			runOnlyForDeploymentPostprocessing = 0;
		};
/* End PBXFrameworksBuildPhase section */

/* Begin PBXGroup section */
		A97924812A9545B600816209 = {
			isa = PBXGroup;
			children = (
				A979248C2A9545B600816209 /* RickAndMorty */,
				A979248B2A9545B600816209 /* Products */,
			);
			sourceTree = "<group>";
		};
		A979248B2A9545B600816209 /* Products */ = {
			isa = PBXGroup;
			children = (
				A979248A2A9545B600816209 /* RickAndMorty.app */,
			);
			name = Products;
			sourceTree = "<group>";
		};
		A979248C2A9545B600816209 /* RickAndMorty */ = {
			isa = PBXGroup;
			children = (
				A97924A62A9548B600816209 /* Resources */,
				A97924A52A9548AA00816209 /* Managers */,
				A97924A42A95489900816209 /* APIClient */,
				A97924A32A95488E00816209 /* ViewModels */,
				A97924A72A95498E00816209 /* View */,
				A97924A22A95488600816209 /* Models */,
				A97924A12A95487500816209 /* Controllers */,
				A979249B2A9545B700816209 /* Info.plist */,
			);
			path = RickAndMorty;
			sourceTree = "<group>";
		};
		A97924A12A95487500816209 /* Controllers */ = {
			isa = PBXGroup;
			children = (
				A97924A82A954A4F00816209 /* Core */,
			);
			path = Controllers;
			sourceTree = "<group>";
		};
		A97924A22A95488600816209 /* Models */ = {
			isa = PBXGroup;
			children = (
				A97924A92A954A9400816209 /* Episode.swift */,
				A97924AB2A954A9E00816209 /* Character.swift */,
				A97924AD2A954AA800816209 /* Location.swift */,
				A919EDB92AAAB2A600EF4072 /* Origin.swift */,
				A919EDBB2AAAB33E00EF4072 /* SingleLocation.swift */,
			);
			path = Models;
			sourceTree = "<group>";
		};
		A97924A32A95488E00816209 /* ViewModels */ = {
			isa = PBXGroup;
			children = (
			);
			path = ViewModels;
			sourceTree = "<group>";
		};
		A97924A42A95489900816209 /* APIClient */ = {
			isa = PBXGroup;
			children = (
				A9A639F22A9EBF1E00AF5449 /* Service.swift */,
				A9A639F42A9EBF5500AF5449 /* Request.swift */,
				A9A639F62A9EC14900AF5449 /* Endpoint.swift */,
			);
			path = APIClient;
			sourceTree = "<group>";
		};
		A97924A52A9548AA00816209 /* Managers */ = {
			isa = PBXGroup;
			children = (
			);
			path = Managers;
			sourceTree = "<group>";
		};
		A97924A62A9548B600816209 /* Resources */ = {
			isa = PBXGroup;
			children = (
				A979248D2A9545B600816209 /* AppDelegate.swift */,
				A979248F2A9545B600816209 /* SceneDelegate.swift */,
				A97924962A9545B700816209 /* Assets.xcassets */,
				A97924982A9545B700816209 /* LaunchScreen.storyboard */,
			);
			path = Resources;
			sourceTree = "<group>";
		};
		A97924A72A95498E00816209 /* View */ = {
			isa = PBXGroup;
			children = (
			);
			path = View;
			sourceTree = "<group>";
		};
		A97924A82A954A4F00816209 /* Core */ = {
			isa = PBXGroup;
			children = (
				A97924912A9545B600816209 /* TabBarController.swift */,
				A97924AF2A954AE700816209 /* CharacterViewController.swift */,
				A97924B12A954AF200816209 /* LocationViewController.swift */,
				A97924B32A954B0400816209 /* EpisodeViewController.swift */,
				A97924B52A954B1200816209 /* SettingsViewController.swift */,
			);
			path = Core;
			sourceTree = "<group>";
		};
/* End PBXGroup section */

/* Begin PBXNativeTarget section */
		A97924892A9545B600816209 /* RickAndMorty */ = {
			isa = PBXNativeTarget;
			buildConfigurationList = A979249E2A9545B700816209 /* Build configuration list for PBXNativeTarget "RickAndMorty" */;
			buildPhases = (
				A97924862A9545B600816209 /* Sources */,
				A97924872A9545B600816209 /* Frameworks */,
				A97924882A9545B600816209 /* Resources */,
			);
			buildRules = (
			);
			dependencies = (
			);
			name = RickAndMorty;
			productName = RickAndMorty;
			productReference = A979248A2A9545B600816209 /* RickAndMorty.app */;
			productType = "com.apple.product-type.application";
		};
/* End PBXNativeTarget section */

/* Begin PBXProject section */
		A97924822A9545B600816209 /* Project object */ = {
			isa = PBXProject;
			attributes = {
				BuildIndependentTargetsInParallel = 1;
				LastSwiftUpdateCheck = 1430;
				LastUpgradeCheck = 1430;
				TargetAttributes = {
					A97924892A9545B600816209 = {
						CreatedOnToolsVersion = 14.3.1;
					};
				};
			};
			buildConfigurationList = A97924852A9545B600816209 /* Build configuration list for PBXProject "RickAndMorty" */;
			compatibilityVersion = "Xcode 14.0";
			developmentRegion = en;
			hasScannedForEncodings = 0;
			knownRegions = (
				en,
				Base,
			);
			mainGroup = A97924812A9545B600816209;
			productRefGroup = A979248B2A9545B600816209 /* Products */;
			projectDirPath = "";
			projectRoot = "";
			targets = (
				A97924892A9545B600816209 /* RickAndMorty */,
			);
		};
/* End PBXProject section */

/* Begin PBXResourcesBuildPhase section */
		A97924882A9545B600816209 /* Resources */ = {
			isa = PBXResourcesBuildPhase;
			buildActionMask = 2147483647;
			files = (
				A979249A2A9545B700816209 /* LaunchScreen.storyboard in Resources */,
				A97924972A9545B700816209 /* Assets.xcassets in Resources */,
			);
			runOnlyForDeploymentPostprocessing = 0;
		};
/* End PBXResourcesBuildPhase section */

/* Begin PBXSourcesBuildPhase section */
		A97924862A9545B600816209 /* Sources */ = {
			isa = PBXSourcesBuildPhase;
			buildActionMask = 2147483647;
			files = (
				A97924922A9545B600816209 /* TabBarController.swift in Sources */,
				A9A639F52A9EBF5500AF5449 /* Request.swift in Sources */,
				A97924B42A954B0400816209 /* EpisodeViewController.swift in Sources */,
				A9A639F72A9EC14900AF5449 /* Endpoint.swift in Sources */,
				A97924AA2A954A9400816209 /* Episode.swift in Sources */,
				A9A639F32A9EBF1E00AF5449 /* Service.swift in Sources */,
				A97924B62A954B1200816209 /* SettingsViewController.swift in Sources */,
				A97924B02A954AE700816209 /* CharacterViewController.swift in Sources */,
				A97924AC2A954A9E00816209 /* Character.swift in Sources */,
				A979248E2A9545B600816209 /* AppDelegate.swift in Sources */,
				A97924AE2A954AA800816209 /* Location.swift in Sources */,
				A97924902A9545B600816209 /* SceneDelegate.swift in Sources */,
				A97924B22A954AF200816209 /* LocationViewController.swift in Sources */,
				A919EDBA2AAAB2A600EF4072 /* Origin.swift in Sources */,
				A919EDBC2AAAB33E00EF4072 /* SingleLocation.swift in Sources */,
			);
			runOnlyForDeploymentPostprocessing = 0;
		};
/* End PBXSourcesBuildPhase section */

/* Begin PBXVariantGroup section */
		A97924982A9545B700816209 /* LaunchScreen.storyboard */ = {
			isa = PBXVariantGroup;
			children = (
				A97924992A9545B700816209 /* Base */,
			);
			name = LaunchScreen.storyboard;
			sourceTree = "<group>";
		};
/* End PBXVariantGroup section */

/* Begin XCBuildConfiguration section */
		A979249C2A9545B700816209 /* Debug */ = {
			isa = XCBuildConfiguration;
			buildSettings = {
				ALWAYS_SEARCH_USER_PATHS = NO;
				CLANG_ANALYZER_NONNULL = YES;
				CLANG_ANALYZER_NUMBER_OBJECT_CONVERSION = YES_AGGRESSIVE;
				CLANG_CXX_LANGUAGE_STANDARD = "gnu++20";
				CLANG_ENABLE_MODULES = YES;
				CLANG_ENABLE_OBJC_ARC = YES;
				CLANG_ENABLE_OBJC_WEAK = YES;
				CLANG_WARN_BLOCK_CAPTURE_AUTORELEASING = YES;
				CLANG_WARN_BOOL_CONVERSION = YES;
				CLANG_WARN_COMMA = YES;
				CLANG_WARN_CONSTANT_CONVERSION = YES;
				CLANG_WARN_DEPRECATED_OBJC_IMPLEMENTATIONS = YES;
				CLANG_WARN_DIRECT_OBJC_ISA_USAGE = YES_ERROR;
				CLANG_WARN_DOCUMENTATION_COMMENTS = YES;
				CLANG_WARN_EMPTY_BODY = YES;
				CLANG_WARN_ENUM_CONVERSION = YES;
				CLANG_WARN_INFINITE_RECURSION = YES;
				CLANG_WARN_INT_CONVERSION = YES;
				CLANG_WARN_NON_LITERAL_NULL_CONVERSION = YES;
				CLANG_WARN_OBJC_IMPLICIT_RETAIN_SELF = YES;
				CLANG_WARN_OBJC_LITERAL_CONVERSION = YES;
				CLANG_WARN_OBJC_ROOT_CLASS = YES_ERROR;
				CLANG_WARN_QUOTED_INCLUDE_IN_FRAMEWORK_HEADER = YES;
				CLANG_WARN_RANGE_LOOP_ANALYSIS = YES;
				CLANG_WARN_STRICT_PROTOTYPES = YES;
				CLANG_WARN_SUSPICIOUS_MOVE = YES;
				CLANG_WARN_UNGUARDED_AVAILABILITY = YES_AGGRESSIVE;
				CLANG_WARN_UNREACHABLE_CODE = YES;
				CLANG_WARN__DUPLICATE_METHOD_MATCH = YES;
				COPY_PHASE_STRIP = NO;
				DEBUG_INFORMATION_FORMAT = dwarf;
				ENABLE_STRICT_OBJC_MSGSEND = YES;
				ENABLE_TESTABILITY = YES;
				GCC_C_LANGUAGE_STANDARD = gnu11;
				GCC_DYNAMIC_NO_PIC = NO;
				GCC_NO_COMMON_BLOCKS = YES;
				GCC_OPTIMIZATION_LEVEL = 0;
				GCC_PREPROCESSOR_DEFINITIONS = (
					"DEBUG=1",
					"$(inherited)",
				);
				GCC_WARN_64_TO_32_BIT_CONVERSION = YES;
				GCC_WARN_ABOUT_RETURN_TYPE = YES_ERROR;
				GCC_WARN_UNDECLARED_SELECTOR = YES;
				GCC_WARN_UNINITIALIZED_AUTOS = YES_AGGRESSIVE;
				GCC_WARN_UNUSED_FUNCTION = YES;
				GCC_WARN_UNUSED_VARIABLE = YES;
				IPHONEOS_DEPLOYMENT_TARGET = 16.4;
				MTL_ENABLE_DEBUG_INFO = INCLUDE_SOURCE;
				MTL_FAST_MATH = YES;
				ONLY_ACTIVE_ARCH = YES;
				SDKROOT = iphoneos;
				SWIFT_ACTIVE_COMPILATION_CONDITIONS = DEBUG;
				SWIFT_OPTIMIZATION_LEVEL = "-Onone";
			};
			name = Debug;
		};
		A979249D2A9545B700816209 /* Release */ = {
			isa = XCBuildConfiguration;
			buildSettings = {
				ALWAYS_SEARCH_USER_PATHS = NO;
				CLANG_ANALYZER_NONNULL = YES;
				CLANG_ANALYZER_NUMBER_OBJECT_CONVERSION = YES_AGGRESSIVE;
				CLANG_CXX_LANGUAGE_STANDARD = "gnu++20";
				CLANG_ENABLE_MODULES = YES;
				CLANG_ENABLE_OBJC_ARC = YES;
				CLANG_ENABLE_OBJC_WEAK = YES;
				CLANG_WARN_BLOCK_CAPTURE_AUTORELEASING = YES;
				CLANG_WARN_BOOL_CONVERSION = YES;
				CLANG_WARN_COMMA = YES;
				CLANG_WARN_CONSTANT_CONVERSION = YES;
				CLANG_WARN_DEPRECATED_OBJC_IMPLEMENTATIONS = YES;
				CLANG_WARN_DIRECT_OBJC_ISA_USAGE = YES_ERROR;
				CLANG_WARN_DOCUMENTATION_COMMENTS = YES;
				CLANG_WARN_EMPTY_BODY = YES;
				CLANG_WARN_ENUM_CONVERSION = YES;
				CLANG_WARN_INFINITE_RECURSION = YES;
				CLANG_WARN_INT_CONVERSION = YES;
				CLANG_WARN_NON_LITERAL_NULL_CONVERSION = YES;
				CLANG_WARN_OBJC_IMPLICIT_RETAIN_SELF = YES;
				CLANG_WARN_OBJC_LITERAL_CONVERSION = YES;
				CLANG_WARN_OBJC_ROOT_CLASS = YES_ERROR;
				CLANG_WARN_QUOTED_INCLUDE_IN_FRAMEWORK_HEADER = YES;
				CLANG_WARN_RANGE_LOOP_ANALYSIS = YES;
				CLANG_WARN_STRICT_PROTOTYPES = YES;
				CLANG_WARN_SUSPICIOUS_MOVE = YES;
				CLANG_WARN_UNGUARDED_AVAILABILITY = YES_AGGRESSIVE;
				CLANG_WARN_UNREACHABLE_CODE = YES;
				CLANG_WARN__DUPLICATE_METHOD_MATCH = YES;
				COPY_PHASE_STRIP = NO;
				DEBUG_INFORMATION_FORMAT = "dwarf-with-dsym";
				ENABLE_NS_ASSERTIONS = NO;
				ENABLE_STRICT_OBJC_MSGSEND = YES;
				GCC_C_LANGUAGE_STANDARD = gnu11;
				GCC_NO_COMMON_BLOCKS = YES;
				GCC_WARN_64_TO_32_BIT_CONVERSION = YES;
				GCC_WARN_ABOUT_RETURN_TYPE = YES_ERROR;
				GCC_WARN_UNDECLARED_SELECTOR = YES;
				GCC_WARN_UNINITIALIZED_AUTOS = YES_AGGRESSIVE;
				GCC_WARN_UNUSED_FUNCTION = YES;
				GCC_WARN_UNUSED_VARIABLE = YES;
				IPHONEOS_DEPLOYMENT_TARGET = 16.4;
				MTL_ENABLE_DEBUG_INFO = NO;
				MTL_FAST_MATH = YES;
				SDKROOT = iphoneos;
				SWIFT_COMPILATION_MODE = wholemodule;
				SWIFT_OPTIMIZATION_LEVEL = "-O";
				VALIDATE_PRODUCT = YES;
			};
			name = Release;
		};
		A979249F2A9545B700816209 /* Debug */ = {
			isa = XCBuildConfiguration;
			buildSettings = {
				ASSETCATALOG_COMPILER_APPICON_NAME = AppIcon;
				ASSETCATALOG_COMPILER_GLOBAL_ACCENT_COLOR_NAME = AccentColor;
				CODE_SIGN_STYLE = Automatic;
				CURRENT_PROJECT_VERSION = 1;
				GENERATE_INFOPLIST_FILE = YES;
				INFOPLIST_FILE = RickAndMorty/Info.plist;
				INFOPLIST_KEY_UIApplicationSupportsIndirectInputEvents = YES;
				INFOPLIST_KEY_UILaunchStoryboardName = LaunchScreen;
				INFOPLIST_KEY_UISupportedInterfaceOrientations_iPad = "UIInterfaceOrientationPortrait UIInterfaceOrientationPortraitUpsideDown UIInterfaceOrientationLandscapeLeft UIInterfaceOrientationLandscapeRight";
				INFOPLIST_KEY_UISupportedInterfaceOrientations_iPhone = "UIInterfaceOrientationPortrait UIInterfaceOrientationLandscapeLeft UIInterfaceOrientationLandscapeRight";
				LD_RUNPATH_SEARCH_PATHS = (
					"$(inherited)",
					"@executable_path/Frameworks",
				);
				MARKETING_VERSION = 1.0;
				PRODUCT_BUNDLE_IDENTIFIER = com.AlejandroRobles.RickAndMorty;
				PRODUCT_NAME = "$(TARGET_NAME)";
				SWIFT_EMIT_LOC_STRINGS = YES;
				SWIFT_VERSION = 5.0;
				TARGETED_DEVICE_FAMILY = "1,2";
			};
			name = Debug;
		};
		A97924A02A9545B700816209 /* Release */ = {
			isa = XCBuildConfiguration;
			buildSettings = {
				ASSETCATALOG_COMPILER_APPICON_NAME = AppIcon;
				ASSETCATALOG_COMPILER_GLOBAL_ACCENT_COLOR_NAME = AccentColor;
				CODE_SIGN_STYLE = Automatic;
				CURRENT_PROJECT_VERSION = 1;
				GENERATE_INFOPLIST_FILE = YES;
				INFOPLIST_FILE = RickAndMorty/Info.plist;
				INFOPLIST_KEY_UIApplicationSupportsIndirectInputEvents = YES;
				INFOPLIST_KEY_UILaunchStoryboardName = LaunchScreen;
				INFOPLIST_KEY_UISupportedInterfaceOrientations_iPad = "UIInterfaceOrientationPortrait UIInterfaceOrientationPortraitUpsideDown UIInterfaceOrientationLandscapeLeft UIInterfaceOrientationLandscapeRight";
				INFOPLIST_KEY_UISupportedInterfaceOrientations_iPhone = "UIInterfaceOrientationPortrait UIInterfaceOrientationLandscapeLeft UIInterfaceOrientationLandscapeRight";
				LD_RUNPATH_SEARCH_PATHS = (
					"$(inherited)",
					"@executable_path/Frameworks",
				);
				MARKETING_VERSION = 1.0;
				PRODUCT_BUNDLE_IDENTIFIER = com.AlejandroRobles.RickAndMorty;
				PRODUCT_NAME = "$(TARGET_NAME)";
				SWIFT_EMIT_LOC_STRINGS = YES;
				SWIFT_VERSION = 5.0;
				TARGETED_DEVICE_FAMILY = "1,2";
			};
			name = Release;
		};
/* End XCBuildConfiguration section */

/* Begin XCConfigurationList section */
		A97924852A9545B600816209 /* Build configuration list for PBXProject "RickAndMorty" */ = {
			isa = XCConfigurationList;
			buildConfigurations = (
				A979249C2A9545B700816209 /* Debug */,
				A979249D2A9545B700816209 /* Release */,
			);
			defaultConfigurationIsVisible = 0;
			defaultConfigurationName = Release;
		};
		A979249E2A9545B700816209 /* Build configuration list for PBXNativeTarget "RickAndMorty" */ = {
			isa = XCConfigurationList;
			buildConfigurations = (
				A979249F2A9545B700816209 /* Debug */,
				A97924A02A9545B700816209 /* Release */,
			);
			defaultConfigurationIsVisible = 0;
			defaultConfigurationName = Release;
		};
/* End XCConfigurationList section */
	};
	rootObject = A97924822A9545B600816209 /* Project object */;
}
